{
  "lockfileVersion": 1,
  "workspaces": {
    "": {
      "name": "yedra",
      "dependencies": {
        "mime": "latest",
        "uuid": "latest",
        "ws": "latest",
      },
      "devDependencies": {
        "@biomejs/biome": "latest",
        "@types/bun": "latest",
        "@types/node": "latest",
        "@types/uuid": "latest",
        "@types/ws": "latest",
        "typescript": "latest",
      },
    },
  },
  "packages": {
    "@biomejs/biome": ["@biomejs/biome@2.3.3", "", { "optionalDependencies": { "@biomejs/cli-darwin-arm64": "2.3.3", "@biomejs/cli-darwin-x64": "2.3.3", "@biomejs/cli-linux-arm64": "2.3.3", "@biomejs/cli-linux-arm64-musl": "2.3.3", "@biomejs/cli-linux-x64": "2.3.3", "@biomejs/cli-linux-x64-musl": "2.3.3", "@biomejs/cli-win32-arm64": "2.3.3", "@biomejs/cli-win32-x64": "2.3.3" }, "bin": { "biome": "bin/biome" } }, "sha512-zn/P1pRBCpDdhi+VNSMnpczOz9DnqzOA2c48K8xgxjDODvi5O8gs3a2H233rck/5HXpkFj6TmyoqVvxirZUnvg=="],

    "@biomejs/cli-darwin-arm64": ["@biomejs/cli-darwin-arm64@2.3.3", "", { "os": "darwin", "cpu": "arm64" }, "sha512-5+JtW6RKmjqL9un0UtHV0ezOslAyYBzyl5ZhYiu7GHesX2x8NCDl6tXYrenv9m7e1RLbkO5E5Kh04kseMtz6lw=="],

    "@biomejs/cli-darwin-x64": ["@biomejs/cli-darwin-x64@2.3.3", "", { "os": "darwin", "cpu": "x64" }, "sha512-UPmKRalkHicvIpeccuKqq+/gA2HYV8FUnAEDJnqYBlGlycKqe6xrovWqvWTE4TTNpIFf4UQyuaDzLkN6Kz6tbA=="],

    "@biomejs/cli-linux-arm64": ["@biomejs/cli-linux-arm64@2.3.3", "", { "os": "linux", "cpu": "arm64" }, "sha512-zeiKwALNB/hax7+LLhCYqhqzlWdTfgE9BGkX2Z8S4VmCYnGFrf2fON/ec6KCos7mra5MDm6fYICsEWN2+HKZhw=="],

    "@biomejs/cli-linux-arm64-musl": ["@biomejs/cli-linux-arm64-musl@2.3.3", "", { "os": "linux", "cpu": "arm64" }, "sha512-KhCDMV+V7Yu72v40ssGJTHuv/j0n7JQ6l0s/c+EMcX5zPYLMLr4XpmI+WXhp4Vfkz0T5Xnh5wbrTBI3f2UTpjQ=="],

    "@biomejs/cli-linux-x64": ["@biomejs/cli-linux-x64@2.3.3", "", { "os": "linux", "cpu": "x64" }, "sha512-05CjPLbvVVU8J6eaO6iSEoA0FXKy2l6ddL+1h/VpiosCmIp3HxRKLOa1hhC1n+D13Z8g9b1DtnglGtM5U3sTag=="],

    "@biomejs/cli-linux-x64-musl": ["@biomejs/cli-linux-x64-musl@2.3.3", "", { "os": "linux", "cpu": "x64" }, "sha512-IyqQ+jYzU5MVy9CK5NV0U+NnUMPUAhYMrB/x4QgL/Dl1MqzBVc61bHeyhLnKM6DSEk73/TQYrk/8/QmVHudLdQ=="],

    "@biomejs/cli-win32-arm64": ["@biomejs/cli-win32-arm64@2.3.3", "", { "os": "win32", "cpu": "arm64" }, "sha512-NtlLs3pdFqFAQYZjlEHKOwJEn3GEaz7rtR2oCrzaLT2Xt3Cfd55/VvodQ5V+X+KepLa956QJagckJrNL+DmumQ=="],

    "@biomejs/cli-win32-x64": ["@biomejs/cli-win32-x64@2.3.3", "", { "os": "win32", "cpu": "x64" }, "sha512-klJKPPQvUk9Rlp0Dd56gQw/+Wt6uUprHdHWtbDC93f3Iv+knA2tLWpcYoOZJgPV+9s+RBmYv0DGy4mUlr20esg=="],

    "@types/bun": ["@types/bun@1.3.1", "", { "dependencies": { "bun-types": "1.3.1" } }, "sha512-4jNMk2/K9YJtfqwoAa28c8wK+T7nvJFOjxI4h/7sORWcypRNxBpr+TPNaCfVWq70tLCJsqoFwcf0oI0JU/fvMQ=="],

    "@types/node": ["@types/node@24.10.0", "", { "dependencies": { "undici-types": "~7.16.0" } }, "sha512-qzQZRBqkFsYyaSWXuEHc2WR9c0a0CXwiE5FWUvn7ZM+vdy1uZLfCunD38UzhuB7YN/J11ndbDBcTmOdxJo9Q7A=="],

    "@types/react": ["@types/react@19.1.8", "", { "dependencies": { "csstype": "^3.0.2" } }, "sha512-AwAfQ2Wa5bCx9WP8nZL2uMZWod7J7/JSplxbTmBQ5ms6QpqNYm672H0Vu9ZVKVngQ+ii4R/byguVEUZQyeg44g=="],

    "@types/uuid": ["@types/uuid@11.0.0", "", { "dependencies": { "uuid": "*" } }, "sha512-HVyk8nj2m+jcFRNazzqyVKiZezyhDKrGUA3jlEcg/nZ6Ms+qHwocba1Y/AaVaznJTAM9xpdFSh+ptbNrhOGvZA=="],

    "@types/ws": ["@types/ws@8.18.1", "", { "dependencies": { "@types/node": "*" } }, "sha512-ThVF6DCVhA8kUGy+aazFQ4kXQ7E1Ty7A3ypFOe0IcJV8O/M511G99AW24irKrW56Wt44yG9+ij8FaqoBGkuBXg=="],

    "bun-types": ["bun-types@1.3.1", "", { "dependencies": { "@types/node": "*" }, "peerDependencies": { "@types/react": "^19" } }, "sha512-NMrcy7smratanWJ2mMXdpatalovtxVggkj11bScuWuiOoXTiKIu2eVS1/7qbyI/4yHedtsn175n4Sm4JcdHLXw=="],

    "csstype": ["csstype@3.1.3", "", {}, "sha512-M1uQkMl8rQK/szD0LNhtqxIPLpimGm8sOBwU7lLnCpSbTyY3yeU1Vc7l4KT5zT4s/yOxHH5O7tIuuLOCnLADRw=="],

    "mime": ["mime@4.1.0", "", { "bin": { "mime": "bin/cli.js" } }, "sha512-X5ju04+cAzsojXKes0B/S4tcYtFAJ6tTMuSPBEn9CPGlrWr8Fiw7qYeLT0XyH80HSoAoqWCaz+MWKh22P7G1cw=="],

    "typescript": ["typescript@5.9.3", "", { "bin": { "tsc": "bin/tsc", "tsserver": "bin/tsserver" } }, "sha512-jl1vZzPDinLr9eUt3J/t7V6FgNEw9QjvBPdysz9KfQDD41fQrC2Y4vKQdiaUpFT4bXlb1RHhLpp8wtm6M5TgSw=="],

    "undici-types": ["undici-types@7.16.0", "", {}, "sha512-Zz+aZWSj8LE6zoxD+xrjh4VfkIG8Ya6LvYkZqtUQGJPZjYl53ypCaUwWqo7eI0x66KBGeRo+mlBEkMSeSZ38Nw=="],

    "uuid": ["uuid@13.0.0", "", { "bin": { "uuid": "dist-node/bin/uuid" } }, "sha512-XQegIaBTVUjSHliKqcnFqYypAd4S+WCYt5NIeRs6w/UAry7z8Y9j5ZwRRL4kzq9U3sD6v+85er9FvkEaBpji2w=="],

    "ws": ["ws@8.18.3", "", { "peerDependencies": { "bufferutil": "^4.0.1", "utf-8-validate": ">=5.0.2" }, "optionalPeers": ["bufferutil", "utf-8-validate"] }, "sha512-PEIGCY5tSlUt50cqyMXfCzX+oOPqN0vuGqWzbcJ2xvnkzkq46oOpz7dQaTDBdfICb4N14+GARUDw2XV2N4tvzg=="],

    "@types/ws/@types/node": ["@types/node@22.14.0", "", { "dependencies": { "undici-types": "~6.21.0" } }, "sha512-Kmpl+z84ILoG+3T/zQFyAJsU6EPTmOCj8/2+83fSN6djd6I4o7uOuGIH6vq3PrjY5BGitSbFuMN18j3iknubbA=="],

    "@types/ws/@types/node/undici-types": ["undici-types@6.21.0", "", {}, "sha512-iwDZqg0QAGrg9Rav5H4n0M64c3mkR59cJ6wQp+7C4nI0gsmExaedaYLNO44eT4AtBBwjbTiGPMlt2Md0T9H9JQ=="],
  }
}
