{
  "lockfileVersion": 1,
  "configVersion": 0,
  "workspaces": {
    "": {
      "name": "yedra",
      "dependencies": {
        "@opentelemetry/api": "^1.9.0",
        "mime": "^4.1.0",
        "uuid": "^13.0.0",
        "ws": "^8.19.0",
      },
      "devDependencies": {
        "@biomejs/biome": "^2.3.12",
        "@types/bun": "^1.3.6",
        "@types/node": "^25.0.10",
        "@types/uuid": "^11.0.0",
        "@types/ws": "^8.18.1",
        "typescript": "^5.9.3",
      },
    },
  },
  "packages": {
    "@biomejs/biome": ["@biomejs/biome@2.3.12", "", { "optionalDependencies": { "@biomejs/cli-darwin-arm64": "2.3.12", "@biomejs/cli-darwin-x64": "2.3.12", "@biomejs/cli-linux-arm64": "2.3.12", "@biomejs/cli-linux-arm64-musl": "2.3.12", "@biomejs/cli-linux-x64": "2.3.12", "@biomejs/cli-linux-x64-musl": "2.3.12", "@biomejs/cli-win32-arm64": "2.3.12", "@biomejs/cli-win32-x64": "2.3.12" }, "bin": { "biome": "bin/biome" } }, "sha512-AR7h4aSlAvXj7TAajW/V12BOw2EiS0AqZWV5dGozf4nlLoUF/ifvD0+YgKSskT0ylA6dY1A8AwgP8kZ6yaCQnA=="],

    "@biomejs/cli-darwin-arm64": ["@biomejs/cli-darwin-arm64@2.3.12", "", { "os": "darwin", "cpu": "arm64" }, "sha512-cO6fn+KiMBemva6EARDLQBxeyvLzgidaFRJi8G7OeRqz54kWK0E+uSjgFaiHlc3DZYoa0+1UFE8mDxozpc9ieg=="],

    "@biomejs/cli-darwin-x64": ["@biomejs/cli-darwin-x64@2.3.12", "", { "os": "darwin", "cpu": "x64" }, "sha512-/fiF/qmudKwSdvmSrSe/gOTkW77mHHkH8Iy7YC2rmpLuk27kbaUOPa7kPiH5l+3lJzTUfU/t6x1OuIq/7SGtxg=="],

    "@biomejs/cli-linux-arm64": ["@biomejs/cli-linux-arm64@2.3.12", "", { "os": "linux", "cpu": "arm64" }, "sha512-nbOsuQROa3DLla5vvsTZg+T5WVPGi9/vYxETm9BOuLHBJN3oWQIg3MIkE2OfL18df1ZtNkqXkH6Yg9mdTPem7A=="],

    "@biomejs/cli-linux-arm64-musl": ["@biomejs/cli-linux-arm64-musl@2.3.12", "", { "os": "linux", "cpu": "arm64" }, "sha512-aqkeSf7IH+wkzFpKeDVPSXy9uDjxtLpYA6yzkYsY+tVjwFFirSuajHDI3ul8en90XNs1NA0n8kgBrjwRi5JeyA=="],

    "@biomejs/cli-linux-x64": ["@biomejs/cli-linux-x64@2.3.12", "", { "os": "linux", "cpu": "x64" }, "sha512-CQtqrJ+qEEI8tgRSTjjzk6wJAwfH3wQlkIGsM5dlecfRZaoT+XCms/mf7G4kWNexrke6mnkRzNy6w8ebV177ow=="],

    "@biomejs/cli-linux-x64-musl": ["@biomejs/cli-linux-x64-musl@2.3.12", "", { "os": "linux", "cpu": "x64" }, "sha512-kVGWtupRRsOjvw47YFkk5mLiAdpCPMWBo1jOwAzh+juDpUb2sWarIp+iq+CPL1Wt0LLZnYtP7hH5kD6fskcxmg=="],

    "@biomejs/cli-win32-arm64": ["@biomejs/cli-win32-arm64@2.3.12", "", { "os": "win32", "cpu": "arm64" }, "sha512-Re4I7UnOoyE4kHMqpgtG6UvSBGBbbtvsOvBROgCCoH7EgANN6plSQhvo2W7OCITvTp7gD6oZOyZy72lUdXjqZg=="],

    "@biomejs/cli-win32-x64": ["@biomejs/cli-win32-x64@2.3.12", "", { "os": "win32", "cpu": "x64" }, "sha512-qqGVWqNNek0KikwPZlOIoxtXgsNGsX+rgdEzgw82Re8nF02W+E2WokaQhpF5TdBh/D/RQ3TLppH+otp6ztN0lw=="],

    "@opentelemetry/api": ["@opentelemetry/api@1.9.0", "", {}, "sha512-3giAOQvZiH5F9bMlMiv8+GSPMeqg0dbaeo58/0SlA9sxSqZhnUtxzX9/2FzyhS9sWQf5S0GJE0AKBrFqjpeYcg=="],

    "@types/bun": ["@types/bun@1.3.6", "", { "dependencies": { "bun-types": "1.3.6" } }, "sha512-uWCv6FO/8LcpREhenN1d1b6fcspAB+cefwD7uti8C8VffIv0Um08TKMn98FynpTiU38+y2dUO55T11NgDt8VAA=="],

    "@types/node": ["@types/node@25.0.10", "", { "dependencies": { "undici-types": "~7.16.0" } }, "sha512-zWW5KPngR/yvakJgGOmZ5vTBemDoSqF3AcV/LrO5u5wTWyEAVVh+IT39G4gtyAkh3CtTZs8aX/yRM82OfzHJRg=="],

    "@types/uuid": ["@types/uuid@11.0.0", "", { "dependencies": { "uuid": "*" } }, "sha512-HVyk8nj2m+jcFRNazzqyVKiZezyhDKrGUA3jlEcg/nZ6Ms+qHwocba1Y/AaVaznJTAM9xpdFSh+ptbNrhOGvZA=="],

    "@types/ws": ["@types/ws@8.18.1", "", { "dependencies": { "@types/node": "*" } }, "sha512-ThVF6DCVhA8kUGy+aazFQ4kXQ7E1Ty7A3ypFOe0IcJV8O/M511G99AW24irKrW56Wt44yG9+ij8FaqoBGkuBXg=="],

    "bun-types": ["bun-types@1.3.6", "", { "dependencies": { "@types/node": "*" } }, "sha512-OlFwHcnNV99r//9v5IIOgQ9Uk37gZqrNMCcqEaExdkVq3Avwqok1bJFmvGMCkCE0FqzdY8VMOZpfpR3lwI+CsQ=="],

    "mime": ["mime@4.1.0", "", { "bin": { "mime": "bin/cli.js" } }, "sha512-X5ju04+cAzsojXKes0B/S4tcYtFAJ6tTMuSPBEn9CPGlrWr8Fiw7qYeLT0XyH80HSoAoqWCaz+MWKh22P7G1cw=="],

    "typescript": ["typescript@5.9.3", "", { "bin": { "tsc": "bin/tsc", "tsserver": "bin/tsserver" } }, "sha512-jl1vZzPDinLr9eUt3J/t7V6FgNEw9QjvBPdysz9KfQDD41fQrC2Y4vKQdiaUpFT4bXlb1RHhLpp8wtm6M5TgSw=="],

    "undici-types": ["undici-types@7.16.0", "", {}, "sha512-Zz+aZWSj8LE6zoxD+xrjh4VfkIG8Ya6LvYkZqtUQGJPZjYl53ypCaUwWqo7eI0x66KBGeRo+mlBEkMSeSZ38Nw=="],

    "uuid": ["uuid@13.0.0", "", { "bin": { "uuid": "dist-node/bin/uuid" } }, "sha512-XQegIaBTVUjSHliKqcnFqYypAd4S+WCYt5NIeRs6w/UAry7z8Y9j5ZwRRL4kzq9U3sD6v+85er9FvkEaBpji2w=="],

    "ws": ["ws@8.19.0", "", { "peerDependencies": { "bufferutil": "^4.0.1", "utf-8-validate": ">=5.0.2" }, "optionalPeers": ["bufferutil", "utf-8-validate"] }, "sha512-blAT2mjOEIi0ZzruJfIhb3nps74PRWTCz1IjglWEEpQl5XS/UNama6u2/rjFkDDouqr4L67ry+1aGIALViWjDg=="],

    "@types/ws/@types/node": ["@types/node@22.14.0", "", { "dependencies": { "undici-types": "~6.21.0" } }, "sha512-Kmpl+z84ILoG+3T/zQFyAJsU6EPTmOCj8/2+83fSN6djd6I4o7uOuGIH6vq3PrjY5BGitSbFuMN18j3iknubbA=="],

    "@types/ws/@types/node/undici-types": ["undici-types@6.21.0", "", {}, "sha512-iwDZqg0QAGrg9Rav5H4n0M64c3mkR59cJ6wQp+7C4nI0gsmExaedaYLNO44eT4AtBBwjbTiGPMlt2Md0T9H9JQ=="],
  }
}
